
Microsoft Visual Studio Solution File, Format Version 12.00
# Visual Studio Version 16
VisualStudioVersion = 16.0.32630.194
MinimumVisualStudioVersion = 10.0.40219.1
Project("{FAE04EC0-301F-11D3-BF4B-00C04F79EFBC}") = "IdentityProject", "IdentityProject\IdentityProject.csproj", "{E7A33638-F7DD-4528-BD5D-5BACEC62E4C2}"
EndProject
Global
	GlobalSection(SolutionConfigurationPlatforms) = preSolution
		Debug|Any CPU = Debug|Any CPU
		Release|Any CPU = Release|Any CPU
	EndGlobalSection
	GlobalSection(ProjectConfigurationPlatforms) = postSolution
		{E7A33638-F7DD-4528-BD5D-5BACEC62E4C2}.Debug|Any CPU.ActiveCfg = Debug|Any CPU
		{E7A33638-F7DD-4528-BD5D-5BACEC62E4C2}.Debug|Any CPU.Build.0 = Debug|Any CPU
		{E7A33638-F7DD-4528-BD5D-5BACEC62E4C2}.Release|Any CPU.ActiveCfg = Release|Any CPU
		{E7A33638-F7DD-4528-BD5D-5BACEC62E4C2}.Release|Any CPU.Build.0 = Release|Any CPU
	EndGlobalSection
	GlobalSection(SolutionProperties) = preSolution
		HideSolutionNode = FALSE
	EndGlobalSection
	GlobalSection(ExtensibilityGlobals) = postSolution
		SolutionGuid = {AD7BA2CA-9198-427A-8786-60004C99D0D7}
	EndGlobalSection
EndGlobal
